schema: '2.0'
stages:
  data_ingestion:
    cmd: python src/cnnClassifier/pipeline/stage_01_data_ingestion.py
    deps:
    - path: config/config.yaml
      hash: md5
      md5: 0b6c08bd9a7f92a9c2a88325f9e350d6
      size: 637
    - path: src/cnnClassifier/pipeline/stage_01_data_ingestion.py
      hash: md5
      md5: 1ea65159fdb6e45fae8aa9c16413b2b8
      size: 909
    outs:
    - path: artifacts/data_ingestion/TOMATO PROJECT DATASET
      hash: md5
      md5: 8a172be672087f23b4d42599f3bbefc9.dir
      size: 111210983
      nfiles: 6600
  prepare_base_model:
    cmd: python src/cnnClassifier/pipeline/stage_02_prepare_base_model.py
    deps:
    - path: config/config.yaml
      hash: md5
      md5: 0b6c08bd9a7f92a9c2a88325f9e350d6
      size: 637
    - path: src/cnnClassifier/pipeline/stage_02_prepare_base_model.py
      hash: md5
      md5: aa04f763519840785f1878e160452d3c
      size: 984
    params:
      params.yaml:
        CLASSES: 10
        IMAGE_SIZE:
        - 224
        - 224
        - 3
        INCLUDE_TOP: false
        LEARNING_RATE: 0.01
        WEIGHTS: imagenet
    outs:
    - path: artifacts/prepare_base_model
      hash: md5
      md5: 95f25c57f147b04ffdd695b4ce7dacd3.dir
      size: 60933208
      nfiles: 2
  training:
    cmd: python src/cnnClassifier/pipeline/stage_03_model_training.py
    deps:
    - path: artifacts/data_ingestion/TOMATO PROJECT DATASET
      hash: md5
      md5: 8a172be672087f23b4d42599f3bbefc9.dir
      size: 111210983
      nfiles: 6600
    - path: artifacts/prepare_base_model
      hash: md5
      md5: 95f25c57f147b04ffdd695b4ce7dacd3.dir
      size: 60933208
      nfiles: 2
    - path: config/config.yaml
      hash: md5
      md5: 0b6c08bd9a7f92a9c2a88325f9e350d6
      size: 637
    - path: src/cnnClassifier/pipeline/stage_03_model_training.py
      hash: md5
      md5: 8221b91bc65d2ac872a4e7c8a7e92718
      size: 915
    params:
      params.yaml:
        AUGMENTATION: true
        BATCH_SIZE: 16
        EPOCHS: 5
        IMAGE_SIZE:
        - 224
        - 224
        - 3
    outs:
    - path: artifacts/training/model.h5
      hash: md5
      md5: f6e33d0746cea1415fcb4ec69a7f81f4
      size: 35493296
  evaluation:
    cmd: python src/cnnClassifier/pipeline/stage_04_evaluation.py
    deps:
    - path: artifacts/data_ingestion/TOMATO PROJECT DATASET
      hash: md5
      md5: 8a172be672087f23b4d42599f3bbefc9.dir
      size: 111210983
      nfiles: 6600
    - path: artifacts/training/model.h5
      hash: md5
      md5: f6e33d0746cea1415fcb4ec69a7f81f4
      size: 35493296
    - path: config/config.yaml
      hash: md5
      md5: 0b6c08bd9a7f92a9c2a88325f9e350d6
      size: 637
    - path: src/cnnClassifier/pipeline/stage_04_evaluation.py
      hash: md5
      md5: b07505211cf20fad4f7e85f77924937c
      size: 886
    params:
      params.yaml:
        BATCH_SIZE: 16
        IMAGE_SIZE:
        - 224
        - 224
        - 3
    outs:
    - path: scores.json
      hash: md5
      md5: 7f052cb8ce9e2e3be988d055a98ccc52
      size: 72
